
Microsoft Visual Studio Solution File, Format Version 12.00
# Visual Studio Version 16
VisualStudioVersion = 16.0.30804.86
MinimumVisualStudioVersion = 10.0.40219.1
Project("{FAE04EC0-301F-11D3-BF4B-00C04F79EFBC}") = "DapperExploration.WebApi", "DapperExploration.WebApi\DapperExploration.WebApi.csproj", "{FC9DD3D4-3C61-4885-9F1E-73D978A1697E}"
EndProject
Global
	GlobalSection(SolutionConfigurationPlatforms) = preSolution
		Debug|Any CPU = Debug|Any CPU
		Release|Any CPU = Release|Any CPU
	EndGlobalSection
	GlobalSection(ProjectConfigurationPlatforms) = postSolution
		{FC9DD3D4-3C61-4885-9F1E-73D978A1697E}.Debug|Any CPU.ActiveCfg = Debug|Any CPU
		{FC9DD3D4-3C61-4885-9F1E-73D978A1697E}.Debug|Any CPU.Build.0 = Debug|Any CPU
		{FC9DD3D4-3C61-4885-9F1E-73D978A1697E}.Release|Any CPU.ActiveCfg = Release|Any CPU
		{FC9DD3D4-3C61-4885-9F1E-73D978A1697E}.Release|Any CPU.Build.0 = Release|Any CPU
	EndGlobalSection
	GlobalSection(SolutionProperties) = preSolution
		HideSolutionNode = FALSE
	EndGlobalSection
	GlobalSection(ExtensibilityGlobals) = postSolution
		SolutionGuid = {A9942237-2C90-4A67-B622-538692710F69}
	EndGlobalSection
EndGlobal
